{
  "name": "foundry-local-java-runtime",
  "version": "0.0.1",
  "lockfileVersion": 3,
  "requires": true,
  "packages": {
    "": {
      "name": "foundry-local-java-runtime",
      "version": "0.0.1",
      "dependencies": {
        "foundry-local-sdk": "2.0.1"
      },
      "engines": {
        "node": ">=20"
      }
    },
    "node_modules/adm-zip": {
      "version": "0.6.0",
      "integrity": "sha1-u8XGwzN1XpZ6Bt2YdH9DHh1To88=",
      "license": "MIT",
      "engines": {
        "node": ">=14.0"
      }
    },
    "node_modules/foundry-local-sdk": {
      "version": "2.0.1",
      "integrity": "sha1-JVy1qvi5gqWMLX/lFJy8GplUvWk=",
      "hasInstallScript": true,
      "license": "MIT",
      "dependencies": {
        "adm-zip": "^0.6.0",
        "node-addon-api": "^8.2.2"
      },
      "engines": {
        "node": ">=20"
      }
    },
    "node_modules/node-addon-api": {
      "version": "8.9.2",
      "integrity": "sha1-23rJShP/2bVebLBFhL1e+OHXSxg=",
      "license": "MIT",
      "engines": {
        "node": "^18 || ^20 || >= 21"
      }
    }
  }
}
